
Microsoft Visual Studio Solution File, Format Version 12.00
# Visual Studio 15
VisualStudioVersion = 15.0.27130.2003
MinimumVisualStudioVersion = 10.0.40219.1
Project("{FAE04EC0-301F-11D3-BF4B-00C04F79EFBC}") = "ADV.InternetCrawler", "ADV.InternetCrawler\ADV.InternetCrawler.csproj", "{0CB17B4D-9803-4CA0-8D56-91BC94D2451F}"
EndProject
Project("{FAE04EC0-301F-11D3-BF4B-00C04F79EFBC}") = "ADV.InternetCrawler.DataBase", "ADV.InternetCrawler.DataBase\ADV.InternetCrawler.DataBase.csproj", "{891963DE-CD2E-4AF7-B3F0-F5F7E8D3BE87}"
EndProject
Project("{FAE04EC0-301F-11D3-BF4B-00C04F79EFBC}") = "ADV.InternetCrawler.Utility", "ADV.InternetCrawler.Utility\ADV.InternetCrawler.Utility.csproj", "{0D17A93C-2F3D-4B86-9AC6-DB1D3B4155E0}"
EndProject
Project("{FAE04EC0-301F-11D3-BF4B-00C04F79EFBC}") = "ADV.InternetCrawler.UnitTest", "ADV.InternetCrawler.UnitTest\ADV.InternetCrawler.UnitTest.csproj", "{A11801EF-BE85-47A2-B706-3677DED6A226}"
EndProject
Project("{FAE04EC0-301F-11D3-BF4B-00C04F79EFBC}") = "ADV.InternetCrawler.Core", "ADV.InternetCrawler.Core\ADV.InternetCrawler.Core.csproj", "{F64C0E9A-E5E0-4AAA-8D4E-F3ACE8384FA2}"
EndProject
Project("{FAE04EC0-301F-11D3-BF4B-00C04F79EFBC}") = "ADV.InternetCrawler.ControlPanel", "ADV.InternetCrawler.ControlPanel\ADV.InternetCrawler.ControlPanel.csproj", "{EF326D53-59F2-4EF4-9B49-C9E6576E254F}"
EndProject
Project("{FAE04EC0-301F-11D3-BF4B-00C04F79EFBC}") = "ADV.InternetCrawler.ControlPanel.UnitTests", "ADV.InternetCrawler.ControlPanel.UnitTests\ADV.InternetCrawler.ControlPanel.UnitTests.csproj", "{2420F7CB-7FB0-4C67-BEA2-17F0D88659C8}"
EndProject
Global
	GlobalSection(SolutionConfigurationPlatforms) = preSolution
		Debug|Any CPU = Debug|Any CPU
		Release|Any CPU = Release|Any CPU
	EndGlobalSection
	GlobalSection(ProjectConfigurationPlatforms) = postSolution
		{0CB17B4D-9803-4CA0-8D56-91BC94D2451F}.Debug|Any CPU.ActiveCfg = Debug|Any CPU
		{0CB17B4D-9803-4CA0-8D56-91BC94D2451F}.Debug|Any CPU.Build.0 = Debug|Any CPU
		{0CB17B4D-9803-4CA0-8D56-91BC94D2451F}.Release|Any CPU.ActiveCfg = Release|Any CPU
		{0CB17B4D-9803-4CA0-8D56-91BC94D2451F}.Release|Any CPU.Build.0 = Release|Any CPU
		{891963DE-CD2E-4AF7-B3F0-F5F7E8D3BE87}.Debug|Any CPU.ActiveCfg = Debug|Any CPU
		{891963DE-CD2E-4AF7-B3F0-F5F7E8D3BE87}.Debug|Any CPU.Build.0 = Debug|Any CPU
		{891963DE-CD2E-4AF7-B3F0-F5F7E8D3BE87}.Release|Any CPU.ActiveCfg = Release|Any CPU
		{891963DE-CD2E-4AF7-B3F0-F5F7E8D3BE87}.Release|Any CPU.Build.0 = Release|Any CPU
		{0D17A93C-2F3D-4B86-9AC6-DB1D3B4155E0}.Debug|Any CPU.ActiveCfg = Debug|Any CPU
		{0D17A93C-2F3D-4B86-9AC6-DB1D3B4155E0}.Debug|Any CPU.Build.0 = Debug|Any CPU
		{0D17A93C-2F3D-4B86-9AC6-DB1D3B4155E0}.Release|Any CPU.ActiveCfg = Release|Any CPU
		{0D17A93C-2F3D-4B86-9AC6-DB1D3B4155E0}.Release|Any CPU.Build.0 = Release|Any CPU
		{A11801EF-BE85-47A2-B706-3677DED6A226}.Debug|Any CPU.ActiveCfg = Debug|Any CPU
		{A11801EF-BE85-47A2-B706-3677DED6A226}.Debug|Any CPU.Build.0 = Debug|Any CPU
		{A11801EF-BE85-47A2-B706-3677DED6A226}.Release|Any CPU.ActiveCfg = Release|Any CPU
		{A11801EF-BE85-47A2-B706-3677DED6A226}.Release|Any CPU.Build.0 = Release|Any CPU
		{F64C0E9A-E5E0-4AAA-8D4E-F3ACE8384FA2}.Debug|Any CPU.ActiveCfg = Debug|Any CPU
		{F64C0E9A-E5E0-4AAA-8D4E-F3ACE8384FA2}.Debug|Any CPU.Build.0 = Debug|Any CPU
		{F64C0E9A-E5E0-4AAA-8D4E-F3ACE8384FA2}.Release|Any CPU.ActiveCfg = Release|Any CPU
		{F64C0E9A-E5E0-4AAA-8D4E-F3ACE8384FA2}.Release|Any CPU.Build.0 = Release|Any CPU
		{EF326D53-59F2-4EF4-9B49-C9E6576E254F}.Debug|Any CPU.ActiveCfg = Debug|Any CPU
		{EF326D53-59F2-4EF4-9B49-C9E6576E254F}.Debug|Any CPU.Build.0 = Debug|Any CPU
		{EF326D53-59F2-4EF4-9B49-C9E6576E254F}.Release|Any CPU.ActiveCfg = Release|Any CPU
		{EF326D53-59F2-4EF4-9B49-C9E6576E254F}.Release|Any CPU.Build.0 = Release|Any CPU
		{2420F7CB-7FB0-4C67-BEA2-17F0D88659C8}.Debug|Any CPU.ActiveCfg = Debug|Any CPU
		{2420F7CB-7FB0-4C67-BEA2-17F0D88659C8}.Debug|Any CPU.Build.0 = Debug|Any CPU
		{2420F7CB-7FB0-4C67-BEA2-17F0D88659C8}.Release|Any CPU.ActiveCfg = Release|Any CPU
		{2420F7CB-7FB0-4C67-BEA2-17F0D88659C8}.Release|Any CPU.Build.0 = Release|Any CPU
	EndGlobalSection
	GlobalSection(SolutionProperties) = preSolution
		HideSolutionNode = FALSE
	EndGlobalSection
	GlobalSection(ExtensibilityGlobals) = postSolution
		SolutionGuid = {A969792A-4C29-440B-9CDD-DA09E5FB0718}
	EndGlobalSection
EndGlobal
